github.com/BurntSushi/toml v0.3.0/go.mod h1:xHWCNGjB5oqiDr8zfno3MHue2Ht5sIBksp03qcyfWMU=
github.com/PuerkitoBio/goquery v1.4.1 h1:smcIRGdYm/w7JSbcdeLHEMzxmsBQvl8lhf0dSw2nzMI=
github.com/PuerkitoBio/goquery v1.4.1/go.mod h1:T9ezsOHcCrDCgA8aF1Cqr3sSYbO/xgdy8/R/XiIMAhA=
github.com/adamzy/cedar-go v0.0.0-20170805034717-80a9c64b256d h1:ir/IFJU5xbja5UaBEQLjcvn7aAU01nqU/NUyOBEU+ew=
github.com/adamzy/cedar-go v0.0.0-20170805034717-80a9c64b256d/go.mod h1:PRWNwWq0yifz6XDPZu48aSld8BWwBfr2JKB2bGWiEd4=
github.com/andybalholm/cascadia v1.0.0 h1:hOCXnnZ5A+3eVDX8pvgl4kofXv2ELss0bKcqRySc45o=
github.com/andybalholm/cascadia v1.0.0/go.mod h1:GsXiBklL0woXo1j/WYWtSYYC4ouU9PqHO0sqidkEA4Y=
github.com/boltdb/bolt v1.3.1 h1:JQmyP4ZBrce+ZQu0dY660FMfatumYDLun9hBCUVIkF4=
github.com/boltdb/bolt v1.3.1/go.mod h1:clJnj/oiGkjum5o1McbSZDSLxVThjynRyGBgiAx27Ps=
github.com/davecgh/go-spew v1.1.1/go.mod h1:J7Y8YcW2NihsgmVo/mv3lAwl/skON4iLHjSsI+c5H38=
github.com/huichen/sego v0.0.0-20180617034105-3f3c8a8cfacc h1:3LXYtoxQGFSjIL5ZJAn4PceSpwRohuTKYL1W4kJ7G8g=
github.com/huichen/sego v0.0.0-20180617034105-3f3c8a8cfacc/go.mod h1:+/Bm7uk1bnJJMi9l6P88FgHeGtscOQiYbxW1j+BmgBY=
github.com/issue9/assert v0.0.0-20180725152606-9e19636c7256/go.mod h1:KLwR3U/5rbCxqwAnV3aCr+dz07aoIyIfk2lefIVr2BA=
github.com/ivpusic/grpool v0.0.0-20170804092134-28957a27c944 h1:4piUplpVh6FBKTlQpmv9SA0wwvnq05nc+aEu1OSCMRk=
github.com/ivpusic/grpool v0.0.0-20170804092134-28957a27c944/go.mod h1:WPmiAI5ExAn06vg+0JzyPzXMQutJmpb7TrBtyLJkOHQ=
github.com/kr/pretty v0.1.0/go.mod h1:dAy3ld7l9f0ibDNOQOHHMYYIIbhfbHSm3C4ZsoJORNo=
github.com/kr/pty v1.1.1/go.mod h1:pFQYn66WHrOpPYNljwOMqo10TkYh1fy3cYio2l3bCsQ=
github.com/kr/text v0.1.0/go.mod h1:4Jbv+DJW3UT/LiOwJeYQe1efqtUx/iVham/4vfdArNI=
github.com/mnhkahn/gods v1.0.1 h1:Hiz/zIpgPfOCzt0rCamnZ+pwAhrYCZGDsuQnT0tzArk=
github.com/mnhkahn/gods v1.0.1/go.mod h1:tPMQcwh/o/HfDrKK4MgvJzjJ4AP5jInErWwAlo4gvnA=
github.com/mnhkahn/gogogo v1.0.1 h1:nQqxYUvAf1uxTbrExD7+3KuBMpFa4nTaDk2h9GB0Wp8=
github.com/mnhkahn/gogogo v1.0.1/go.mod h1:2H7pELixbPqzXoX5mOT8co8aTkhZpl5gVb4CcZDJO54=
github.com/mnhkahn/peanut v0.0.0-20180828055434-ec108b6c00a8 h1:c+s8E7JbEkhN/mTkSS7cGqAr0TiJXUpEWz5M1r0OmtY=
github.com/mnhkahn/peanut v0.0.0-20180830083834-4b0ce468b4f3 h1:MsxWo97ApFYCFczGfthp/9vGTKxOW+OUYrzeuti8Ieg=
github.com/mnhkahn/peanut v0.0.0-20180830083834-4b0ce468b4f3/go.mod h1:z/P9SGuhOq6nOGkrGXYZR7UDUPHUSpAFTSmfA+tVKoA=
github.com/mnhkahn/peanut v1.0.0 h1:FYUKpjDq34qVRUYMU3xJrBEvWyDC761dZo17hmqOER8=
github.com/mnhkahn/peanut v1.0.0/go.mod h1:z/P9SGuhOq6nOGkrGXYZR7UDUPHUSpAFTSmfA+tVKoA=
github.com/pmezard/go-difflib v1.0.0/go.mod h1:iKH77koFhYxTK1pcRnkKkqfTogsbg7gZNVY4sRDYZ/4=
github.com/sasbury/mini v0.0.0-20161224193750-64bd399395db/go.mod h1:yOzd9gzygiw8QvoQeezToFEojl93FdFfDD2d64ZV6u8=
github.com/stretchr/testify v1.2.2/go.mod h1:a8OnRcib4nhh0OaRAV+Yts87kKdq0PP7pXfy6kDkUVs=
github.com/vmihailenco/msgpack v4.0.0+incompatible h1:R/ftCULcY/r0SLpalySUSd8QV4fVABi/h0D/IjlYJzg=
github.com/vmihailenco/msgpack v4.0.0+incompatible/go.mod h1:fy3FlTQTDXWkZ7Bh6AcGMlsjHatGryHQYUTf1ShIgkk=
github.com/willf/bitset v1.1.9 h1:GBtFynGY9ZWZmEC9sWuu41/7VBXPFCOAbCbqTflOg9c=
github.com/willf/bitset v1.1.9/go.mod h1:RjeCKbqT1RxIR/KWY6phxZiaY1IyutSBfGjNPySAYV4=
golang.org/x/net v0.0.0-20180218175443-cbe0f9307d01/go.mod h1:mL1N/T3taQHkDXs73rZJwtUhF3w3ftmwwsq0BUmARs4=
golang.org/x/net v0.0.0-20180826012351-8a410e7b638d h1:g9qWBGx4puODJTMVyoPrpoxPFgVGd+z1DZwjfRu4d0I=
golang.org/x/net v0.0.0-20180826012351-8a410e7b638d/go.mod h1:mL1N/T3taQHkDXs73rZJwtUhF3w3ftmwwsq0BUmARs4=
golang.org/x/sys v0.0.0-20180828065106-d99a578cf41b/go.mod h1:STP8DvDyc/dI5b8T5hshtkjS+E42TnysNCUPdjciGhY=
gopkg.in/check.v1 v0.0.0-20161208181325-20d25e280405/go.mod h1:Co6ibVJAznAaIkqp8huTwlJQCZ016jof/cbN4VW5Yz0=
gopkg.in/check.v1 v1.0.0-20180628173108-788fd7840127/go.mod h1:Co6ibVJAznAaIkqp8huTwlJQCZ016jof/cbN4VW5Yz0=
gopkg.in/natefinch/lumberjack.v2 v2.0.0-20170531160350-a96e63847dc3 h1:AFxeG48hTWHhDTQDk/m2gorfVHUEa9vo3tp3D7TzwjI=
gopkg.in/natefinch/lumberjack.v2 v2.0.0-20170531160350-a96e63847dc3/go.mod h1:l0ndWWf7gzL7RNwBG7wST/UCcT4T24xpD6X8LsfU/+k=
gopkg.in/yaml.v2 v2.2.1/go.mod h1:hI93XBmqTisBFMUTm0b8Fm+jr3Dg1NNxqwp+5A1VGuI=
